// !$*UTF8*$!
{
	archiveVersion = 1;
	classes = {
	};
	objectVersion = 50;
	objects = {

/* Begin PBXBuildFile section */
		2795CA5525D4890800C11F8C /* AppDelegate.swift in Sources */ = {isa = PBXBuildFile; fileRef = 2795CA5425D4890800C11F8C /* AppDelegate.swift */; };
		2795CA5725D4890800C11F8C /* SceneDelegate.swift in Sources */ = {isa = PBXBuildFile; fileRef = 2795CA5625D4890800C11F8C /* SceneDelegate.swift */; };
		2795CA5925D4890800C11F8C /* conversionViewController.swift in Sources */ = {isa = PBXBuildFile; fileRef = 2795CA5825D4890800C11F8C /* conversionViewController.swift */; };
		2795CA5C25D4890900C11F8C /* Main.storyboard in Resources */ = {isa = PBXBuildFile; fileRef = 2795CA5A25D4890900C11F8C /* Main.storyboard */; };
		2795CA5E25D4894300C11F8C /* Assets.xcassets in Resources */ = {isa = PBXBuildFile; fileRef = 2795CA5D25D4894300C11F8C /* Assets.xcassets */; };
		2795CA6125D4894300C11F8C /* LaunchScreen.storyboard in Resources */ = {isa = PBXBuildFile; fileRef = 2795CA5F25D4894300C11F8C /* LaunchScreen.storyboard */; };
		2795CA6C25D4894500C11F8C /* lab06Tests.swift in Sources */ = {isa = PBXBuildFile; fileRef = 2795CA6B25D4894500C11F8C /* lab06Tests.swift */; };
		2795CA7725D4894500C11F8C /* lab06UITests.swift in Sources */ = {isa = PBXBuildFile; fileRef = 2795CA7625D4894500C11F8C /* lab06UITests.swift */; };
		2795CAC725E6FF2A00C11F8C /* MapViewController.swift in Sources */ = {isa = PBXBuildFile; fileRef = 2795CAC625E6FF2900C11F8C /* MapViewController.swift */; };
/* End PBXBuildFile section */

/* Begin PBXContainerItemProxy section */
		2795CA6825D4894500C11F8C /* PBXContainerItemProxy */ = {
			isa = PBXContainerItemProxy;
			containerPortal = 2795CA4925D4890700C11F8C /* Project object */;
			proxyType = 1;
			remoteGlobalIDString = 2795CA5025D4890800C11F8C;
			remoteInfo = lab06;
		};
		2795CA7325D4894500C11F8C /* PBXContainerItemProxy */ = {
			isa = PBXContainerItemProxy;
			containerPortal = 2795CA4925D4890700C11F8C /* Project object */;
			proxyType = 1;
			remoteGlobalIDString = 2795CA5025D4890800C11F8C;
			remoteInfo = lab06;
		};
/* End PBXContainerItemProxy section */

/* Begin PBXFileReference section */
		2795CA5125D4890800C11F8C /* lab06.app */ = {isa = PBXFileReference; explicitFileType = wrapper.application; includeInIndex = 0; path = lab06.app; sourceTree = BUILT_PRODUCTS_DIR; };
		2795CA5425D4890800C11F8C /* AppDelegate.swift */ = {isa = PBXFileReference; lastKnownFileType = sourcecode.swift; path = AppDelegate.swift; sourceTree = "<group>"; };
		2795CA5625D4890800C11F8C /* SceneDelegate.swift */ = {isa = PBXFileReference; lastKnownFileType = sourcecode.swift; path = SceneDelegate.swift; sourceTree = "<group>"; };
		2795CA5825D4890800C11F8C /* conversionViewController.swift */ = {isa = PBXFileReference; lastKnownFileType = sourcecode.swift; path = conversionViewController.swift; sourceTree = "<group>"; };
		2795CA5B25D4890900C11F8C /* Base */ = {isa = PBXFileReference; lastKnownFileType = file.storyboard; name = Base; path = Base.lproj/Main.storyboard; sourceTree = "<group>"; };
		2795CA5D25D4894300C11F8C /* Assets.xcassets */ = {isa = PBXFileReference; lastKnownFileType = folder.assetcatalog; path = Assets.xcassets; sourceTree = "<group>"; };
		2795CA6025D4894300C11F8C /* Base */ = {isa = PBXFileReference; lastKnownFileType = file.storyboard; name = Base; path = Base.lproj/LaunchScreen.storyboard; sourceTree = "<group>"; };
		2795CA6225D4894300C11F8C /* Info.plist */ = {isa = PBXFileReference; lastKnownFileType = text.plist.xml; path = Info.plist; sourceTree = "<group>"; };
		2795CA6725D4894500C11F8C /* lab06Tests.xctest */ = {isa = PBXFileReference; explicitFileType = wrapper.cfbundle; includeInIndex = 0; path = lab06Tests.xctest; sourceTree = BUILT_PRODUCTS_DIR; };
		2795CA6B25D4894500C11F8C /* lab06Tests.swift */ = {isa = PBXFileReference; lastKnownFileType = sourcecode.swift; path = lab06Tests.swift; sourceTree = "<group>"; };
		2795CA6D25D4894500C11F8C /* Info.plist */ = {isa = PBXFileReference; lastKnownFileType = text.plist.xml; path = Info.plist; sourceTree = "<group>"; };
		2795CA7225D4894500C11F8C /* lab06UITests.xctest */ = {isa = PBXFileReference; explicitFileType = wrapper.cfbundle; includeInIndex = 0; path = lab06UITests.xctest; sourceTree = BUILT_PRODUCTS_DIR; };
		2795CA7625D4894500C11F8C /* lab06UITests.swift */ = {isa = PBXFileReference; lastKnownFileType = sourcecode.swift; path = lab06UITests.swift; sourceTree = "<group>"; };
		2795CA7825D4894500C11F8C /* Info.plist */ = {isa = PBXFileReference; lastKnownFileType = text.plist.xml; path = Info.plist; sourceTree = "<group>"; };
		2795CAC625E6FF2900C11F8C /* MapViewController.swift */ = {isa = PBXFileReference; lastKnownFileType = sourcecode.swift; path = MapViewController.swift; sourceTree = "<group>"; };
/* End PBXFileReference section */

/* Begin PBXFrameworksBuildPhase section */
		2795CA4E25D4890800C11F8C /* Frameworks */ = {
			isa = PBXFrameworksBuildPhase;
			buildActionMask = 2147483647;
			files = (
			);
			runOnlyForDeploymentPostprocessing = 0;
		};
		2795CA6425D4894500C11F8C /* Frameworks */ = {
			isa = PBXFrameworksBuildPhase;
			buildActionMask = 2147483647;
			files = (
			);
			runOnlyForDeploymentPostprocessing = 0;
		};
		2795CA6F25D4894500C11F8C /* Frameworks */ = {
			isa = PBXFrameworksBuildPhase;
			buildActionMask = 2147483647;
			files = (
			);
			runOnlyForDeploymentPostprocessing = 0;
		};
/* End PBXFrameworksBuildPhase section */

/* Begin PBXGroup section */
		2795CA4825D4890700C11F8C = {
			isa = PBXGroup;
			children = (
				2795CA5325D4890800C11F8C /* lab08 */,
				2795CA6A25D4894500C11F8C /* lab08Tests */,
				2795CA7525D4894500C11F8C /* lab08UITests */,
				2795CA5225D4890800C11F8C /* Products */,
			);
			sourceTree = "<group>";
		};
		2795CA5225D4890800C11F8C /* Products */ = {
			isa = PBXGroup;
			children = (
				2795CA5125D4890800C11F8C /* lab06.app */,
				2795CA6725D4894500C11F8C /* lab06Tests.xctest */,
				2795CA7225D4894500C11F8C /* lab06UITests.xctest */,
			);
			name = Products;
			sourceTree = "<group>";
		};
		2795CA5325D4890800C11F8C /* lab08 */ = {
			isa = PBXGroup;
			children = (
				2795CA5425D4890800C11F8C /* AppDelegate.swift */,
				2795CA5625D4890800C11F8C /* SceneDelegate.swift */,
				2795CA5825D4890800C11F8C /* conversionViewController.swift */,
				2795CAC625E6FF2900C11F8C /* MapViewController.swift */,
				2795CA5A25D4890900C11F8C /* Main.storyboard */,
				2795CA5D25D4894300C11F8C /* Assets.xcassets */,
				2795CA5F25D4894300C11F8C /* LaunchScreen.storyboard */,
				2795CA6225D4894300C11F8C /* Info.plist */,
			);
			path = lab08;
			sourceTree = "<group>";
		};
		2795CA6A25D4894500C11F8C /* lab08Tests */ = {
			isa = PBXGroup;
			children = (
				2795CA6B25D4894500C11F8C /* lab06Tests.swift */,
				2795CA6D25D4894500C11F8C /* Info.plist */,
			);
			path = lab08Tests;
			sourceTree = "<group>";
		};
		2795CA7525D4894500C11F8C /* lab08UITests */ = {
			isa = PBXGroup;
			children = (
				2795CA7625D4894500C11F8C /* lab06UITests.swift */,
				2795CA7825D4894500C11F8C /* Info.plist */,
			);
			path = lab08UITests;
			sourceTree = "<group>";
		};
/* End PBXGroup section */

/* Begin PBXNativeTarget section */
		2795CA5025D4890800C11F8C /* lab06 */ = {
			isa = PBXNativeTarget;
			buildConfigurationList = 2795CA7B25D4894500C11F8C /* Build configuration list for PBXNativeTarget "lab06" */;
			buildPhases = (
				2795CA4D25D4890800C11F8C /* Sources */,
				2795CA4E25D4890800C11F8C /* Frameworks */,
				2795CA4F25D4890800C11F8C /* Resources */,
			);
			buildRules = (
			);
			dependencies = (
			);
			name = lab06;
			productName = lab06;
			productReference = 2795CA5125D4890800C11F8C /* lab06.app */;
			productType = "com.apple.product-type.application";
		};
		2795CA6625D4894500C11F8C /* lab06Tests */ = {
			isa = PBXNativeTarget;
			buildConfigurationList = 2795CA7E25D4894500C11F8C /* Build configuration list for PBXNativeTarget "lab06Tests" */;
			buildPhases = (
				2795CA6325D4894500C11F8C /* Sources */,
				2795CA6425D4894500C11F8C /* Frameworks */,
				2795CA6525D4894500C11F8C /* Resources */,
			);
			buildRules = (
			);
			dependencies = (
				2795CA6925D4894500C11F8C /* PBXTargetDependency */,
			);
			name = lab06Tests;
			productName = lab06Tests;
			productReference = 2795CA6725D4894500C11F8C /* lab06Tests.xctest */;
			productType = "com.apple.product-type.bundle.unit-test";
		};
		2795CA7125D4894500C11F8C /* lab06UITests */ = {
			isa = PBXNativeTarget;
			buildConfigurationList = 2795CA8125D4894500C11F8C /* Build configuration list for PBXNativeTarget "lab06UITests" */;
			buildPhases = (
				2795CA6E25D4894500C11F8C /* Sources */,
				2795CA6F25D4894500C11F8C /* Frameworks */,
				2795CA7025D4894500C11F8C /* Resources */,
			);
			buildRules = (
			);
			dependencies = (
				2795CA7425D4894500C11F8C /* PBXTargetDependency */,
			);
			name = lab06UITests;
			productName = lab06UITests;
			productReference = 2795CA7225D4894500C11F8C /* lab06UITests.xctest */;
			productType = "com.apple.product-type.bundle.ui-testing";
		};
/* End PBXNativeTarget section */

/* Begin PBXProject section */
		2795CA4925D4890700C11F8C /* Project object */ = {
			isa = PBXProject;
			attributes = {
				LastSwiftUpdateCheck = 1230;
				LastUpgradeCheck = 1230;
				TargetAttributes = {
					2795CA5025D4890800C11F8C = {
						CreatedOnToolsVersion = 12.3;
					};
					2795CA6625D4894500C11F8C = {
						CreatedOnToolsVersion = 12.3;
						TestTargetID = 2795CA5025D4890800C11F8C;
					};
					2795CA7125D4894500C11F8C = {
						CreatedOnToolsVersion = 12.3;
						TestTargetID = 2795CA5025D4890800C11F8C;
					};
				};
			};
			buildConfigurationList = 2795CA4C25D4890700C11F8C /* Build configuration list for PBXProject "lab08" */;
			compatibilityVersion = "Xcode 9.3";
			developmentRegion = en;
			hasScannedForEncodings = 0;
			knownRegions = (
				en,
				Base,
			);
			mainGroup = 2795CA4825D4890700C11F8C;
			productRefGroup = 2795CA5225D4890800C11F8C /* Products */;
			projectDirPath = "";
			projectRoot = "";
			targets = (
				2795CA5025D4890800C11F8C /* lab06 */,
				2795CA6625D4894500C11F8C /* lab06Tests */,
				2795CA7125D4894500C11F8C /* lab06UITests */,
			);
		};
/* End PBXProject section */

/* Begin PBXResourcesBuildPhase section */
		2795CA4F25D4890800C11F8C /* Resources */ = {
			isa = PBXResourcesBuildPhase;
			buildActionMask = 2147483647;
			files = (
				2795CA6125D4894300C11F8C /* LaunchScreen.storyboard in Resources */,
				2795CA5E25D4894300C11F8C /* Assets.xcassets in Resources */,
				2795CA5C25D4890900C11F8C /* Main.storyboard in Resources */,
			);
			runOnlyForDeploymentPostprocessing = 0;
		};
		2795CA6525D4894500C11F8C /* Resources */ = {
			isa = PBXResourcesBuildPhase;
			buildActionMask = 2147483647;
			files = (
			);
			runOnlyForDeploymentPostprocessing = 0;
		};
		2795CA7025D4894500C11F8C /* Resources */ = {
			isa = PBXResourcesBuildPhase;
			buildActionMask = 2147483647;
			files = (
			);
			runOnlyForDeploymentPostprocessing = 0;
		};
/* End PBXResourcesBuildPhase section */

/* Begin PBXSourcesBuildPhase section */
		2795CA4D25D4890800C11F8C /* Sources */ = {
			isa = PBXSourcesBuildPhase;
			buildActionMask = 2147483647;
			files = (
				2795CA5925D4890800C11F8C /* conversionViewController.swift in Sources */,
				2795CA5525D4890800C11F8C /* AppDelegate.swift in Sources */,
				2795CA5725D4890800C11F8C /* SceneDelegate.swift in Sources */,
				2795CAC725E6FF2A00C11F8C /* MapViewController.swift in Sources */,
			);
			runOnlyForDeploymentPostprocessing = 0;
		};
		2795CA6325D4894500C11F8C /* Sources */ = {
			isa = PBXSourcesBuildPhase;
			buildActionMask = 2147483647;
			files = (
				2795CA6C25D4894500C11F8C /* lab06Tests.swift in Sources */,
			);
			runOnlyForDeploymentPostprocessing = 0;
		};
		2795CA6E25D4894500C11F8C /* Sources */ = {
			isa = PBXSourcesBuildPhase;
			buildActionMask = 2147483647;
			files = (
				2795CA7725D4894500C11F8C /* lab06UITests.swift in Sources */,
			);
			runOnlyForDeploymentPostprocessing = 0;
		};
/* End PBXSourcesBuildPhase section */

/* Begin PBXTargetDependency section */
		2795CA6925D4894500C11F8C /* PBXTargetDependency */ = {
			isa = PBXTargetDependency;
			target = 2795CA5025D4890800C11F8C /* lab06 */;
			targetProxy = 2795CA6825D4894500C11F8C /* PBXContainerItemProxy */;
		};
		2795CA7425D4894500C11F8C /* PBXTargetDependency */ = {
			isa = PBXTargetDependency;
			target = 2795CA5025D4890800C11F8C /* lab06 */;
			targetProxy = 2795CA7325D4894500C11F8C /* PBXContainerItemProxy */;
		};
/* End PBXTargetDependency section */

/* Begin PBXVariantGroup section */
		2795CA5A25D4890900C11F8C /* Main.storyboard */ = {
			isa = PBXVariantGroup;
			children = (
				2795CA5B25D4890900C11F8C /* Base */,
			);
			name = Main.storyboard;
			sourceTree = "<group>";
		};
		2795CA5F25D4894300C11F8C /* LaunchScreen.storyboard */ = {
			isa = PBXVariantGroup;
			children = (
				2795CA6025D4894300C11F8C /* Base */,
			);
			name = LaunchScreen.storyboard;
			sourceTree = "<group>";
		};
/* End PBXVariantGroup section */

/* Begin XCBuildConfiguration section */
		2795CA7925D4894500C11F8C /* Debug */ = {
			isa = XCBuildConfiguration;
			buildSettings = {
				ALWAYS_SEARCH_USER_PATHS = NO;
				CLANG_ANALYZER_NONNULL = YES;
				CLANG_ANALYZER_NUMBER_OBJECT_CONVERSION = YES_AGGRESSIVE;
				CLANG_CXX_LANGUAGE_STANDARD = "gnu++14";
				CLANG_CXX_LIBRARY = "libc++";
				CLANG_ENABLE_MODULES = YES;
				CLANG_ENABLE_OBJC_ARC = YES;
				CLANG_ENABLE_OBJC_WEAK = YES;
				CLANG_WARN_BLOCK_CAPTURE_AUTORELEASING = YES;
				CLANG_WARN_BOOL_CONVERSION = YES;
				CLANG_WARN_COMMA = YES;
				CLANG_WARN_CONSTANT_CONVERSION = YES;
				CLANG_WARN_DEPRECATED_OBJC_IMPLEMENTATIONS = YES;
				CLANG_WARN_DIRECT_OBJC_ISA_USAGE = YES_ERROR;
				CLANG_WARN_DOCUMENTATION_COMMENTS = YES;
				CLANG_WARN_EMPTY_BODY = YES;
				CLANG_WARN_ENUM_CONVERSION = YES;
				CLANG_WARN_INFINITE_RECURSION = YES;
				CLANG_WARN_INT_CONVERSION = YES;
				CLANG_WARN_NON_LITERAL_NULL_CONVERSION = YES;
				CLANG_WARN_OBJC_IMPLICIT_RETAIN_SELF = YES;
				CLANG_WARN_OBJC_LITERAL_CONVERSION = YES;
				CLANG_WARN_OBJC_ROOT_CLASS = YES_ERROR;
				CLANG_WARN_QUOTED_INCLUDE_IN_FRAMEWORK_HEADER = YES;
				CLANG_WARN_RANGE_LOOP_ANALYSIS = YES;
				CLANG_WARN_STRICT_PROTOTYPES = YES;
				CLANG_WARN_SUSPICIOUS_MOVE = YES;
				CLANG_WARN_UNGUARDED_AVAILABILITY = YES_AGGRESSIVE;
				CLANG_WARN_UNREACHABLE_CODE = YES;
				CLANG_WARN__DUPLICATE_METHOD_MATCH = YES;
				COPY_PHASE_STRIP = NO;
				DEBUG_INFORMATION_FORMAT = dwarf;
				ENABLE_STRICT_OBJC_MSGSEND = YES;
				ENABLE_TESTABILITY = YES;
				GCC_C_LANGUAGE_STANDARD = gnu11;
				GCC_DYNAMIC_NO_PIC = NO;
				GCC_NO_COMMON_BLOCKS = YES;
				GCC_OPTIMIZATION_LEVEL = 0;
				GCC_PREPROCESSOR_DEFINITIONS = (
					"DEBUG=1",
					"$(inherited)",
				);
				GCC_WARN_64_TO_32_BIT_CONVERSION = YES;
				GCC_WARN_ABOUT_RETURN_TYPE = YES_ERROR;
				GCC_WARN_UNDECLARED_SELECTOR = YES;
				GCC_WARN_UNINITIALIZED_AUTOS = YES_AGGRESSIVE;
				GCC_WARN_UNUSED_FUNCTION = YES;
				GCC_WARN_UNUSED_VARIABLE = YES;
				IPHONEOS_DEPLOYMENT_TARGET = 14.3;
				MTL_ENABLE_DEBUG_INFO = INCLUDE_SOURCE;
				MTL_FAST_MATH = YES;
				ONLY_ACTIVE_ARCH = YES;
				SDKROOT = iphoneos;
				SWIFT_ACTIVE_COMPILATION_CONDITIONS = DEBUG;
				SWIFT_OPTIMIZATION_LEVEL = "-Onone";
			};
			name = Debug;
		};
		2795CA7A25D4894500C11F8C /* Release */ = {
			isa = XCBuildConfiguration;
			buildSettings = {
				ALWAYS_SEARCH_USER_PATHS = NO;
				CLANG_ANALYZER_NONNULL = YES;
				CLANG_ANALYZER_NUMBER_OBJECT_CONVERSION = YES_AGGRESSIVE;
				CLANG_CXX_LANGUAGE_STANDARD = "gnu++14";
				CLANG_CXX_LIBRARY = "libc++";
				CLANG_ENABLE_MODULES = YES;
				CLANG_ENABLE_OBJC_ARC = YES;
				CLANG_ENABLE_OBJC_WEAK = YES;
				CLANG_WARN_BLOCK_CAPTURE_AUTORELEASING = YES;
				CLANG_WARN_BOOL_CONVERSION = YES;
				CLANG_WARN_COMMA = YES;
				CLANG_WARN_CONSTANT_CONVERSION = YES;
				CLANG_WARN_DEPRECATED_OBJC_IMPLEMENTATIONS = YES;
				CLANG_WARN_DIRECT_OBJC_ISA_USAGE = YES_ERROR;
				CLANG_WARN_DOCUMENTATION_COMMENTS = YES;
				CLANG_WARN_EMPTY_BODY = YES;
				CLANG_WARN_ENUM_CONVERSION = YES;
				CLANG_WARN_INFINITE_RECURSION = YES;
				CLANG_WARN_INT_CONVERSION = YES;
				CLANG_WARN_NON_LITERAL_NULL_CONVERSION = YES;
				CLANG_WARN_OBJC_IMPLICIT_RETAIN_SELF = YES;
				CLANG_WARN_OBJC_LITERAL_CONVERSION = YES;
				CLANG_WARN_OBJC_ROOT_CLASS = YES_ERROR;
				CLANG_WARN_QUOTED_INCLUDE_IN_FRAMEWORK_HEADER = YES;
				CLANG_WARN_RANGE_LOOP_ANALYSIS = YES;
				CLANG_WARN_STRICT_PROTOTYPES = YES;
				CLANG_WARN_SUSPICIOUS_MOVE = YES;
				CLANG_WARN_UNGUARDED_AVAILABILITY = YES_AGGRESSIVE;
				CLANG_WARN_UNREACHABLE_CODE = YES;
				CLANG_WARN__DUPLICATE_METHOD_MATCH = YES;
				COPY_PHASE_STRIP = NO;
				DEBUG_INFORMATION_FORMAT = "dwarf-with-dsym";
				ENABLE_NS_ASSERTIONS = NO;
				ENABLE_STRICT_OBJC_MSGSEND = YES;
				GCC_C_LANGUAGE_STANDARD = gnu11;
				GCC_NO_COMMON_BLOCKS = YES;
				GCC_WARN_64_TO_32_BIT_CONVERSION = YES;
				GCC_WARN_ABOUT_RETURN_TYPE = YES_ERROR;
				GCC_WARN_UNDECLARED_SELECTOR = YES;
				GCC_WARN_UNINITIALIZED_AUTOS = YES_AGGRESSIVE;
				GCC_WARN_UNUSED_FUNCTION = YES;
				GCC_WARN_UNUSED_VARIABLE = YES;
				IPHONEOS_DEPLOYMENT_TARGET = 14.3;
				MTL_ENABLE_DEBUG_INFO = NO;
				MTL_FAST_MATH = YES;
				SDKROOT = iphoneos;
				SWIFT_COMPILATION_MODE = wholemodule;
				SWIFT_OPTIMIZATION_LEVEL = "-O";
				VALIDATE_PRODUCT = YES;
			};
			name = Release;
		};
		2795CA7C25D4894500C11F8C /* Debug */ = {
			isa = XCBuildConfiguration;
			buildSettings = {
				ASSETCATALOG_COMPILER_APPICON_NAME = AppIcon;
				ASSETCATALOG_COMPILER_GLOBAL_ACCENT_COLOR_NAME = AccentColor;
				CODE_SIGN_STYLE = Automatic;
				INFOPLIST_FILE = lab06/Info.plist;
				LD_RUNPATH_SEARCH_PATHS = (
					"$(inherited)",
					"@executable_path/Frameworks",
				);
				PRODUCT_BUNDLE_IDENTIFIER = Ite.lab06;
				PRODUCT_NAME = "$(TARGET_NAME)";
				SWIFT_VERSION = 5.0;
				TARGETED_DEVICE_FAMILY = "1,2";
			};
			name = Debug;
		};
		2795CA7D25D4894500C11F8C /* Release */ = {
			isa = XCBuildConfiguration;
			buildSettings = {
				ASSETCATALOG_COMPILER_APPICON_NAME = AppIcon;
				ASSETCATALOG_COMPILER_GLOBAL_ACCENT_COLOR_NAME = AccentColor;
				CODE_SIGN_STYLE = Automatic;
				INFOPLIST_FILE = lab06/Info.plist;
				LD_RUNPATH_SEARCH_PATHS = (
					"$(inherited)",
					"@executable_path/Frameworks",
				);
				PRODUCT_BUNDLE_IDENTIFIER = Ite.lab06;
				PRODUCT_NAME = "$(TARGET_NAME)";
				SWIFT_VERSION = 5.0;
				TARGETED_DEVICE_FAMILY = "1,2";
			};
			name = Release;
		};
		2795CA7F25D4894500C11F8C /* Debug */ = {
			isa = XCBuildConfiguration;
			buildSettings = {
				ALWAYS_EMBED_SWIFT_STANDARD_LIBRARIES = YES;
				BUNDLE_LOADER = "$(TEST_HOST)";
				CODE_SIGN_STYLE = Automatic;
				INFOPLIST_FILE = lab06Tests/Info.plist;
				IPHONEOS_DEPLOYMENT_TARGET = 14.3;
				LD_RUNPATH_SEARCH_PATHS = (
					"$(inherited)",
					"@executable_path/Frameworks",
					"@loader_path/Frameworks",
				);
				PRODUCT_BUNDLE_IDENTIFIER = Ite.lab06Tests;
				PRODUCT_NAME = "$(TARGET_NAME)";
				SWIFT_VERSION = 5.0;
				TARGETED_DEVICE_FAMILY = "1,2";
				TEST_HOST = "$(BUILT_PRODUCTS_DIR)/lab06.app/lab06";
			};
			name = Debug;
		};
		2795CA8025D4894500C11F8C /* Release */ = {
			isa = XCBuildConfiguration;
			buildSettings = {
				ALWAYS_EMBED_SWIFT_STANDARD_LIBRARIES = YES;
				BUNDLE_LOADER = "$(TEST_HOST)";
				CODE_SIGN_STYLE = Automatic;
				INFOPLIST_FILE = lab06Tests/Info.plist;
				IPHONEOS_DEPLOYMENT_TARGET = 14.3;
				LD_RUNPATH_SEARCH_PATHS = (
					"$(inherited)",
					"@executable_path/Frameworks",
					"@loader_path/Frameworks",
				);
				PRODUCT_BUNDLE_IDENTIFIER = Ite.lab06Tests;
				PRODUCT_NAME = "$(TARGET_NAME)";
				SWIFT_VERSION = 5.0;
				TARGETED_DEVICE_FAMILY = "1,2";
				TEST_HOST = "$(BUILT_PRODUCTS_DIR)/lab06.app/lab06";
			};
			name = Release;
		};
		2795CA8225D4894500C11F8C /* Debug */ = {
			isa = XCBuildConfiguration;
			buildSettings = {
				ALWAYS_EMBED_SWIFT_STANDARD_LIBRARIES = YES;
				CODE_SIGN_STYLE = Automatic;
				INFOPLIST_FILE = lab06UITests/Info.plist;
				LD_RUNPATH_SEARCH_PATHS = (
					"$(inherited)",
					"@executable_path/Frameworks",
					"@loader_path/Frameworks",
				);
				PRODUCT_BUNDLE_IDENTIFIER = Ite.lab06UITests;
				PRODUCT_NAME = "$(TARGET_NAME)";
				SWIFT_VERSION = 5.0;
				TARGETED_DEVICE_FAMILY = "1,2";
				TEST_TARGET_NAME = lab06;
			};
			name = Debug;
		};
		2795CA8325D4894500C11F8C /* Release */ = {
			isa = XCBuildConfiguration;
			buildSettings = {
				ALWAYS_EMBED_SWIFT_STANDARD_LIBRARIES = YES;
				CODE_SIGN_STYLE = Automatic;
				INFOPLIST_FILE = lab06UITests/Info.plist;
				LD_RUNPATH_SEARCH_PATHS = (
					"$(inherited)",
					"@executable_path/Frameworks",
					"@loader_path/Frameworks",
				);
				PRODUCT_BUNDLE_IDENTIFIER = Ite.lab06UITests;
				PRODUCT_NAME = "$(TARGET_NAME)";
				SWIFT_VERSION = 5.0;
				TARGETED_DEVICE_FAMILY = "1,2";
				TEST_TARGET_NAME = lab06;
			};
			name = Release;
		};
/* End XCBuildConfiguration section */

/* Begin XCConfigurationList section */
		2795CA4C25D4890700C11F8C /* Build configuration list for PBXProject "lab08" */ = {
			isa = XCConfigurationList;
			buildConfigurations = (
				2795CA7925D4894500C11F8C /* Debug */,
				2795CA7A25D4894500C11F8C /* Release */,
			);
			defaultConfigurationIsVisible = 0;
			defaultConfigurationName = Release;
		};
		2795CA7B25D4894500C11F8C /* Build configuration list for PBXNativeTarget "lab06" */ = {
			isa = XCConfigurationList;
			buildConfigurations = (
				2795CA7C25D4894500C11F8C /* Debug */,
				2795CA7D25D4894500C11F8C /* Release */,
			);
			defaultConfigurationIsVisible = 0;
			defaultConfigurationName = Release;
		};
		2795CA7E25D4894500C11F8C /* Build configuration list for PBXNativeTarget "lab06Tests" */ = {
			isa = XCConfigurationList;
			buildConfigurations = (
				2795CA7F25D4894500C11F8C /* Debug */,
				2795CA8025D4894500C11F8C /* Release */,
			);
			defaultConfigurationIsVisible = 0;
			defaultConfigurationName = Release;
		};
		2795CA8125D4894500C11F8C /* Build configuration list for PBXNativeTarget "lab06UITests" */ = {
			isa = XCConfigurationList;
			buildConfigurations = (
				2795CA8225D4894500C11F8C /* Debug */,
				2795CA8325D4894500C11F8C /* Release */,
			);
			defaultConfigurationIsVisible = 0;
			defaultConfigurationName = Release;
		};
/* End XCConfigurationList section */
	};
	rootObject = 2795CA4925D4890700C11F8C /* Project object */;
}
