// !$*UTF8*$!
{
	archiveVersion = 1;
	classes = {
	};
	objectVersion = 50;
	objects = {

/* Begin PBXBuildFile section */
		B4D3201525FAA2CE004017A4 /* AppDelegate.swift in Sources */ = {isa = PBXBuildFile; fileRef = B4D3201425FAA2CE004017A4 /* AppDelegate.swift */; };
		B4D3201725FAA2CE004017A4 /* SceneDelegate.swift in Sources */ = {isa = PBXBuildFile; fileRef = B4D3201625FAA2CE004017A4 /* SceneDelegate.swift */; };
		B4D3201925FAA2CE004017A4 /* ViewController.swift in Sources */ = {isa = PBXBuildFile; fileRef = B4D3201825FAA2CE004017A4 /* ViewController.swift */; };
		B4D3201C25FAA2CE004017A4 /* Main.storyboard in Resources */ = {isa = PBXBuildFile; fileRef = B4D3201A25FAA2CE004017A4 /* Main.storyboard */; };
		B4D3201E25FAA2CF004017A4 /* Assets.xcassets in Resources */ = {isa = PBXBuildFile; fileRef = B4D3201D25FAA2CF004017A4 /* Assets.xcassets */; };
		B4D3202125FAA2CF004017A4 /* LaunchScreen.storyboard in Resources */ = {isa = PBXBuildFile; fileRef = B4D3201F25FAA2CF004017A4 /* LaunchScreen.storyboard */; };
		B4D3202C25FAA2CF004017A4 /* Sysinfo_Asg_02Tests.swift in Sources */ = {isa = PBXBuildFile; fileRef = B4D3202B25FAA2CF004017A4 /* Sysinfo_Asg_02Tests.swift */; };
		B4D3203725FAA2CF004017A4 /* Sysinfo_Asg_02UITests.swift in Sources */ = {isa = PBXBuildFile; fileRef = B4D3203625FAA2CF004017A4 /* Sysinfo_Asg_02UITests.swift */; };
/* End PBXBuildFile section */

/* Begin PBXContainerItemProxy section */
		B4D3202825FAA2CF004017A4 /* PBXContainerItemProxy */ = {
			isa = PBXContainerItemProxy;
			containerPortal = B4D3200925FAA2CE004017A4 /* Project object */;
			proxyType = 1;
			remoteGlobalIDString = B4D3201025FAA2CE004017A4;
			remoteInfo = "Sysinfo Asg 02";
		};
		B4D3203325FAA2CF004017A4 /* PBXContainerItemProxy */ = {
			isa = PBXContainerItemProxy;
			containerPortal = B4D3200925FAA2CE004017A4 /* Project object */;
			proxyType = 1;
			remoteGlobalIDString = B4D3201025FAA2CE004017A4;
			remoteInfo = "Sysinfo Asg 02";
		};
/* End PBXContainerItemProxy section */

/* Begin PBXFileReference section */
		B4D3201125FAA2CE004017A4 /* Sysinfo Asg 02.app */ = {isa = PBXFileReference; explicitFileType = wrapper.application; includeInIndex = 0; path = "Sysinfo Asg 02.app"; sourceTree = BUILT_PRODUCTS_DIR; };
		B4D3201425FAA2CE004017A4 /* AppDelegate.swift */ = {isa = PBXFileReference; lastKnownFileType = sourcecode.swift; path = AppDelegate.swift; sourceTree = "<group>"; };
		B4D3201625FAA2CE004017A4 /* SceneDelegate.swift */ = {isa = PBXFileReference; lastKnownFileType = sourcecode.swift; path = SceneDelegate.swift; sourceTree = "<group>"; };
		B4D3201825FAA2CE004017A4 /* ViewController.swift */ = {isa = PBXFileReference; lastKnownFileType = sourcecode.swift; path = ViewController.swift; sourceTree = "<group>"; };
		B4D3201B25FAA2CE004017A4 /* Base */ = {isa = PBXFileReference; lastKnownFileType = file.storyboard; name = Base; path = Base.lproj/Main.storyboard; sourceTree = "<group>"; };
		B4D3201D25FAA2CF004017A4 /* Assets.xcassets */ = {isa = PBXFileReference; lastKnownFileType = folder.assetcatalog; path = Assets.xcassets; sourceTree = "<group>"; };
		B4D3202025FAA2CF004017A4 /* Base */ = {isa = PBXFileReference; lastKnownFileType = file.storyboard; name = Base; path = Base.lproj/LaunchScreen.storyboard; sourceTree = "<group>"; };
		B4D3202225FAA2CF004017A4 /* Info.plist */ = {isa = PBXFileReference; lastKnownFileType = text.plist.xml; path = Info.plist; sourceTree = "<group>"; };
		B4D3202725FAA2CF004017A4 /* Sysinfo Asg 02Tests.xctest */ = {isa = PBXFileReference; explicitFileType = wrapper.cfbundle; includeInIndex = 0; path = "Sysinfo Asg 02Tests.xctest"; sourceTree = BUILT_PRODUCTS_DIR; };
		B4D3202B25FAA2CF004017A4 /* Sysinfo_Asg_02Tests.swift */ = {isa = PBXFileReference; lastKnownFileType = sourcecode.swift; path = Sysinfo_Asg_02Tests.swift; sourceTree = "<group>"; };
		B4D3202D25FAA2CF004017A4 /* Info.plist */ = {isa = PBXFileReference; lastKnownFileType = text.plist.xml; path = Info.plist; sourceTree = "<group>"; };
		B4D3203225FAA2CF004017A4 /* Sysinfo Asg 02UITests.xctest */ = {isa = PBXFileReference; explicitFileType = wrapper.cfbundle; includeInIndex = 0; path = "Sysinfo Asg 02UITests.xctest"; sourceTree = BUILT_PRODUCTS_DIR; };
		B4D3203625FAA2CF004017A4 /* Sysinfo_Asg_02UITests.swift */ = {isa = PBXFileReference; lastKnownFileType = sourcecode.swift; path = Sysinfo_Asg_02UITests.swift; sourceTree = "<group>"; };
		B4D3203825FAA2CF004017A4 /* Info.plist */ = {isa = PBXFileReference; lastKnownFileType = text.plist.xml; path = Info.plist; sourceTree = "<group>"; };
/* End PBXFileReference section */

/* Begin PBXFrameworksBuildPhase section */
		B4D3200E25FAA2CE004017A4 /* Frameworks */ = {
			isa = PBXFrameworksBuildPhase;
			buildActionMask = 2147483647;
			files = (
			);
			runOnlyForDeploymentPostprocessing = 0;
		};
		B4D3202425FAA2CF004017A4 /* Frameworks */ = {
			isa = PBXFrameworksBuildPhase;
			buildActionMask = 2147483647;
			files = (
			);
			runOnlyForDeploymentPostprocessing = 0;
		};
		B4D3202F25FAA2CF004017A4 /* Frameworks */ = {
			isa = PBXFrameworksBuildPhase;
			buildActionMask = 2147483647;
			files = (
			);
			runOnlyForDeploymentPostprocessing = 0;
		};
/* End PBXFrameworksBuildPhase section */

/* Begin PBXGroup section */
		B4D3200825FAA2CE004017A4 = {
			isa = PBXGroup;
			children = (
				B4D3201325FAA2CE004017A4 /* Sysinfo Asg 02 */,
				B4D3202A25FAA2CF004017A4 /* Sysinfo Asg 02Tests */,
				B4D3203525FAA2CF004017A4 /* Sysinfo Asg 02UITests */,
				B4D3201225FAA2CE004017A4 /* Products */,
			);
			sourceTree = "<group>";
		};
		B4D3201225FAA2CE004017A4 /* Products */ = {
			isa = PBXGroup;
			children = (
				B4D3201125FAA2CE004017A4 /* Sysinfo Asg 02.app */,
				B4D3202725FAA2CF004017A4 /* Sysinfo Asg 02Tests.xctest */,
				B4D3203225FAA2CF004017A4 /* Sysinfo Asg 02UITests.xctest */,
			);
			name = Products;
			sourceTree = "<group>";
		};
		B4D3201325FAA2CE004017A4 /* Sysinfo Asg 02 */ = {
			isa = PBXGroup;
			children = (
				B4D3201425FAA2CE004017A4 /* AppDelegate.swift */,
				B4D3201625FAA2CE004017A4 /* SceneDelegate.swift */,
				B4D3201825FAA2CE004017A4 /* ViewController.swift */,
				B4D3201A25FAA2CE004017A4 /* Main.storyboard */,
				B4D3201D25FAA2CF004017A4 /* Assets.xcassets */,
				B4D3201F25FAA2CF004017A4 /* LaunchScreen.storyboard */,
				B4D3202225FAA2CF004017A4 /* Info.plist */,
			);
			path = "Sysinfo Asg 02";
			sourceTree = "<group>";
		};
		B4D3202A25FAA2CF004017A4 /* Sysinfo Asg 02Tests */ = {
			isa = PBXGroup;
			children = (
				B4D3202B25FAA2CF004017A4 /* Sysinfo_Asg_02Tests.swift */,
				B4D3202D25FAA2CF004017A4 /* Info.plist */,
			);
			path = "Sysinfo Asg 02Tests";
			sourceTree = "<group>";
		};
		B4D3203525FAA2CF004017A4 /* Sysinfo Asg 02UITests */ = {
			isa = PBXGroup;
			children = (
				B4D3203625FAA2CF004017A4 /* Sysinfo_Asg_02UITests.swift */,
				B4D3203825FAA2CF004017A4 /* Info.plist */,
			);
			path = "Sysinfo Asg 02UITests";
			sourceTree = "<group>";
		};
/* End PBXGroup section */

/* Begin PBXNativeTarget section */
		B4D3201025FAA2CE004017A4 /* Sysinfo Asg 02 */ = {
			isa = PBXNativeTarget;
			buildConfigurationList = B4D3203B25FAA2CF004017A4 /* Build configuration list for PBXNativeTarget "Sysinfo Asg 02" */;
			buildPhases = (
				B4D3200D25FAA2CE004017A4 /* Sources */,
				B4D3200E25FAA2CE004017A4 /* Frameworks */,
				B4D3200F25FAA2CE004017A4 /* Resources */,
			);
			buildRules = (
			);
			dependencies = (
			);
			name = "Sysinfo Asg 02";
			productName = "Sysinfo Asg 02";
			productReference = B4D3201125FAA2CE004017A4 /* Sysinfo Asg 02.app */;
			productType = "com.apple.product-type.application";
		};
		B4D3202625FAA2CF004017A4 /* Sysinfo Asg 02Tests */ = {
			isa = PBXNativeTarget;
			buildConfigurationList = B4D3203E25FAA2CF004017A4 /* Build configuration list for PBXNativeTarget "Sysinfo Asg 02Tests" */;
			buildPhases = (
				B4D3202325FAA2CF004017A4 /* Sources */,
				B4D3202425FAA2CF004017A4 /* Frameworks */,
				B4D3202525FAA2CF004017A4 /* Resources */,
			);
			buildRules = (
			);
			dependencies = (
				B4D3202925FAA2CF004017A4 /* PBXTargetDependency */,
			);
			name = "Sysinfo Asg 02Tests";
			productName = "Sysinfo Asg 02Tests";
			productReference = B4D3202725FAA2CF004017A4 /* Sysinfo Asg 02Tests.xctest */;
			productType = "com.apple.product-type.bundle.unit-test";
		};
		B4D3203125FAA2CF004017A4 /* Sysinfo Asg 02UITests */ = {
			isa = PBXNativeTarget;
			buildConfigurationList = B4D3204125FAA2CF004017A4 /* Build configuration list for PBXNativeTarget "Sysinfo Asg 02UITests" */;
			buildPhases = (
				B4D3202E25FAA2CF004017A4 /* Sources */,
				B4D3202F25FAA2CF004017A4 /* Frameworks */,
				B4D3203025FAA2CF004017A4 /* Resources */,
			);
			buildRules = (
			);
			dependencies = (
				B4D3203425FAA2CF004017A4 /* PBXTargetDependency */,
			);
			name = "Sysinfo Asg 02UITests";
			productName = "Sysinfo Asg 02UITests";
			productReference = B4D3203225FAA2CF004017A4 /* Sysinfo Asg 02UITests.xctest */;
			productType = "com.apple.product-type.bundle.ui-testing";
		};
/* End PBXNativeTarget section */

/* Begin PBXProject section */
		B4D3200925FAA2CE004017A4 /* Project object */ = {
			isa = PBXProject;
			attributes = {
				LastSwiftUpdateCheck = 1240;
				LastUpgradeCheck = 1240;
				TargetAttributes = {
					B4D3201025FAA2CE004017A4 = {
						CreatedOnToolsVersion = 12.4;
					};
					B4D3202625FAA2CF004017A4 = {
						CreatedOnToolsVersion = 12.4;
						TestTargetID = B4D3201025FAA2CE004017A4;
					};
					B4D3203125FAA2CF004017A4 = {
						CreatedOnToolsVersion = 12.4;
						TestTargetID = B4D3201025FAA2CE004017A4;
					};
				};
			};
			buildConfigurationList = B4D3200C25FAA2CE004017A4 /* Build configuration list for PBXProject "Sysinfo Asg 02" */;
			compatibilityVersion = "Xcode 9.3";
			developmentRegion = en;
			hasScannedForEncodings = 0;
			knownRegions = (
				en,
				Base,
			);
			mainGroup = B4D3200825FAA2CE004017A4;
			productRefGroup = B4D3201225FAA2CE004017A4 /* Products */;
			projectDirPath = "";
			projectRoot = "";
			targets = (
				B4D3201025FAA2CE004017A4 /* Sysinfo Asg 02 */,
				B4D3202625FAA2CF004017A4 /* Sysinfo Asg 02Tests */,
				B4D3203125FAA2CF004017A4 /* Sysinfo Asg 02UITests */,
			);
		};
/* End PBXProject section */

/* Begin PBXResourcesBuildPhase section */
		B4D3200F25FAA2CE004017A4 /* Resources */ = {
			isa = PBXResourcesBuildPhase;
			buildActionMask = 2147483647;
			files = (
				B4D3202125FAA2CF004017A4 /* LaunchScreen.storyboard in Resources */,
				B4D3201E25FAA2CF004017A4 /* Assets.xcassets in Resources */,
				B4D3201C25FAA2CE004017A4 /* Main.storyboard in Resources */,
			);
			runOnlyForDeploymentPostprocessing = 0;
		};
		B4D3202525FAA2CF004017A4 /* Resources */ = {
			isa = PBXResourcesBuildPhase;
			buildActionMask = 2147483647;
			files = (
			);
			runOnlyForDeploymentPostprocessing = 0;
		};
		B4D3203025FAA2CF004017A4 /* Resources */ = {
			isa = PBXResourcesBuildPhase;
			buildActionMask = 2147483647;
			files = (
			);
			runOnlyForDeploymentPostprocessing = 0;
		};
/* End PBXResourcesBuildPhase section */

/* Begin PBXSourcesBuildPhase section */
		B4D3200D25FAA2CE004017A4 /* Sources */ = {
			isa = PBXSourcesBuildPhase;
			buildActionMask = 2147483647;
			files = (
				B4D3201925FAA2CE004017A4 /* ViewController.swift in Sources */,
				B4D3201525FAA2CE004017A4 /* AppDelegate.swift in Sources */,
				B4D3201725FAA2CE004017A4 /* SceneDelegate.swift in Sources */,
			);
			runOnlyForDeploymentPostprocessing = 0;
		};
		B4D3202325FAA2CF004017A4 /* Sources */ = {
			isa = PBXSourcesBuildPhase;
			buildActionMask = 2147483647;
			files = (
				B4D3202C25FAA2CF004017A4 /* Sysinfo_Asg_02Tests.swift in Sources */,
			);
			runOnlyForDeploymentPostprocessing = 0;
		};
		B4D3202E25FAA2CF004017A4 /* Sources */ = {
			isa = PBXSourcesBuildPhase;
			buildActionMask = 2147483647;
			files = (
				B4D3203725FAA2CF004017A4 /* Sysinfo_Asg_02UITests.swift in Sources */,
			);
			runOnlyForDeploymentPostprocessing = 0;
		};
/* End PBXSourcesBuildPhase section */

/* Begin PBXTargetDependency section */
		B4D3202925FAA2CF004017A4 /* PBXTargetDependency */ = {
			isa = PBXTargetDependency;
			target = B4D3201025FAA2CE004017A4 /* Sysinfo Asg 02 */;
			targetProxy = B4D3202825FAA2CF004017A4 /* PBXContainerItemProxy */;
		};
		B4D3203425FAA2CF004017A4 /* PBXTargetDependency */ = {
			isa = PBXTargetDependency;
			target = B4D3201025FAA2CE004017A4 /* Sysinfo Asg 02 */;
			targetProxy = B4D3203325FAA2CF004017A4 /* PBXContainerItemProxy */;
		};
/* End PBXTargetDependency section */

/* Begin PBXVariantGroup section */
		B4D3201A25FAA2CE004017A4 /* Main.storyboard */ = {
			isa = PBXVariantGroup;
			children = (
				B4D3201B25FAA2CE004017A4 /* Base */,
			);
			name = Main.storyboard;
			sourceTree = "<group>";
		};
		B4D3201F25FAA2CF004017A4 /* LaunchScreen.storyboard */ = {
			isa = PBXVariantGroup;
			children = (
				B4D3202025FAA2CF004017A4 /* Base */,
			);
			name = LaunchScreen.storyboard;
			sourceTree = "<group>";
		};
/* End PBXVariantGroup section */

/* Begin XCBuildConfiguration section */
		B4D3203925FAA2CF004017A4 /* Debug */ = {
			isa = XCBuildConfiguration;
			buildSettings = {
				ALWAYS_SEARCH_USER_PATHS = NO;
				CLANG_ANALYZER_NONNULL = YES;
				CLANG_ANALYZER_NUMBER_OBJECT_CONVERSION = YES_AGGRESSIVE;
				CLANG_CXX_LANGUAGE_STANDARD = "gnu++14";
				CLANG_CXX_LIBRARY = "libc++";
				CLANG_ENABLE_MODULES = YES;
				CLANG_ENABLE_OBJC_ARC = YES;
				CLANG_ENABLE_OBJC_WEAK = YES;
				CLANG_WARN_BLOCK_CAPTURE_AUTORELEASING = YES;
				CLANG_WARN_BOOL_CONVERSION = YES;
				CLANG_WARN_COMMA = YES;
				CLANG_WARN_CONSTANT_CONVERSION = YES;
				CLANG_WARN_DEPRECATED_OBJC_IMPLEMENTATIONS = YES;
				CLANG_WARN_DIRECT_OBJC_ISA_USAGE = YES_ERROR;
				CLANG_WARN_DOCUMENTATION_COMMENTS = YES;
				CLANG_WARN_EMPTY_BODY = YES;
				CLANG_WARN_ENUM_CONVERSION = YES;
				CLANG_WARN_INFINITE_RECURSION = YES;
				CLANG_WARN_INT_CONVERSION = YES;
				CLANG_WARN_NON_LITERAL_NULL_CONVERSION = YES;
				CLANG_WARN_OBJC_IMPLICIT_RETAIN_SELF = YES;
				CLANG_WARN_OBJC_LITERAL_CONVERSION = YES;
				CLANG_WARN_OBJC_ROOT_CLASS = YES_ERROR;
				CLANG_WARN_QUOTED_INCLUDE_IN_FRAMEWORK_HEADER = YES;
				CLANG_WARN_RANGE_LOOP_ANALYSIS = YES;
				CLANG_WARN_STRICT_PROTOTYPES = YES;
				CLANG_WARN_SUSPICIOUS_MOVE = YES;
				CLANG_WARN_UNGUARDED_AVAILABILITY = YES_AGGRESSIVE;
				CLANG_WARN_UNREACHABLE_CODE = YES;
				CLANG_WARN__DUPLICATE_METHOD_MATCH = YES;
				COPY_PHASE_STRIP = NO;
				DEBUG_INFORMATION_FORMAT = dwarf;
				ENABLE_STRICT_OBJC_MSGSEND = YES;
				ENABLE_TESTABILITY = YES;
				GCC_C_LANGUAGE_STANDARD = gnu11;
				GCC_DYNAMIC_NO_PIC = NO;
				GCC_NO_COMMON_BLOCKS = YES;
				GCC_OPTIMIZATION_LEVEL = 0;
				GCC_PREPROCESSOR_DEFINITIONS = (
					"DEBUG=1",
					"$(inherited)",
				);
				GCC_WARN_64_TO_32_BIT_CONVERSION = YES;
				GCC_WARN_ABOUT_RETURN_TYPE = YES_ERROR;
				GCC_WARN_UNDECLARED_SELECTOR = YES;
				GCC_WARN_UNINITIALIZED_AUTOS = YES_AGGRESSIVE;
				GCC_WARN_UNUSED_FUNCTION = YES;
				GCC_WARN_UNUSED_VARIABLE = YES;
				IPHONEOS_DEPLOYMENT_TARGET = 14.4;
				MTL_ENABLE_DEBUG_INFO = INCLUDE_SOURCE;
				MTL_FAST_MATH = YES;
				ONLY_ACTIVE_ARCH = YES;
				SDKROOT = iphoneos;
				SWIFT_ACTIVE_COMPILATION_CONDITIONS = DEBUG;
				SWIFT_OPTIMIZATION_LEVEL = "-Onone";
			};
			name = Debug;
		};
		B4D3203A25FAA2CF004017A4 /* Release */ = {
			isa = XCBuildConfiguration;
			buildSettings = {
				ALWAYS_SEARCH_USER_PATHS = NO;
				CLANG_ANALYZER_NONNULL = YES;
				CLANG_ANALYZER_NUMBER_OBJECT_CONVERSION = YES_AGGRESSIVE;
				CLANG_CXX_LANGUAGE_STANDARD = "gnu++14";
				CLANG_CXX_LIBRARY = "libc++";
				CLANG_ENABLE_MODULES = YES;
				CLANG_ENABLE_OBJC_ARC = YES;
				CLANG_ENABLE_OBJC_WEAK = YES;
				CLANG_WARN_BLOCK_CAPTURE_AUTORELEASING = YES;
				CLANG_WARN_BOOL_CONVERSION = YES;
				CLANG_WARN_COMMA = YES;
				CLANG_WARN_CONSTANT_CONVERSION = YES;
				CLANG_WARN_DEPRECATED_OBJC_IMPLEMENTATIONS = YES;
				CLANG_WARN_DIRECT_OBJC_ISA_USAGE = YES_ERROR;
				CLANG_WARN_DOCUMENTATION_COMMENTS = YES;
				CLANG_WARN_EMPTY_BODY = YES;
				CLANG_WARN_ENUM_CONVERSION = YES;
				CLANG_WARN_INFINITE_RECURSION = YES;
				CLANG_WARN_INT_CONVERSION = YES;
				CLANG_WARN_NON_LITERAL_NULL_CONVERSION = YES;
				CLANG_WARN_OBJC_IMPLICIT_RETAIN_SELF = YES;
				CLANG_WARN_OBJC_LITERAL_CONVERSION = YES;
				CLANG_WARN_OBJC_ROOT_CLASS = YES_ERROR;
				CLANG_WARN_QUOTED_INCLUDE_IN_FRAMEWORK_HEADER = YES;
				CLANG_WARN_RANGE_LOOP_ANALYSIS = YES;
				CLANG_WARN_STRICT_PROTOTYPES = YES;
				CLANG_WARN_SUSPICIOUS_MOVE = YES;
				CLANG_WARN_UNGUARDED_AVAILABILITY = YES_AGGRESSIVE;
				CLANG_WARN_UNREACHABLE_CODE = YES;
				CLANG_WARN__DUPLICATE_METHOD_MATCH = YES;
				COPY_PHASE_STRIP = NO;
				DEBUG_INFORMATION_FORMAT = "dwarf-with-dsym";
				ENABLE_NS_ASSERTIONS = NO;
				ENABLE_STRICT_OBJC_MSGSEND = YES;
				GCC_C_LANGUAGE_STANDARD = gnu11;
				GCC_NO_COMMON_BLOCKS = YES;
				GCC_WARN_64_TO_32_BIT_CONVERSION = YES;
				GCC_WARN_ABOUT_RETURN_TYPE = YES_ERROR;
				GCC_WARN_UNDECLARED_SELECTOR = YES;
				GCC_WARN_UNINITIALIZED_AUTOS = YES_AGGRESSIVE;
				GCC_WARN_UNUSED_FUNCTION = YES;
				GCC_WARN_UNUSED_VARIABLE = YES;
				IPHONEOS_DEPLOYMENT_TARGET = 14.4;
				MTL_ENABLE_DEBUG_INFO = NO;
				MTL_FAST_MATH = YES;
				SDKROOT = iphoneos;
				SWIFT_COMPILATION_MODE = wholemodule;
				SWIFT_OPTIMIZATION_LEVEL = "-O";
				VALIDATE_PRODUCT = YES;
			};
			name = Release;
		};
		B4D3203C25FAA2CF004017A4 /* Debug */ = {
			isa = XCBuildConfiguration;
			buildSettings = {
				ASSETCATALOG_COMPILER_APPICON_NAME = AppIcon;
				ASSETCATALOG_COMPILER_GLOBAL_ACCENT_COLOR_NAME = AccentColor;
				CODE_SIGN_STYLE = Automatic;
				INFOPLIST_FILE = "Sysinfo Asg 02/Info.plist";
				LD_RUNPATH_SEARCH_PATHS = (
					"$(inherited)",
					"@executable_path/Frameworks",
				);
				PRODUCT_BUNDLE_IDENTIFIER = "edu.athens.Sysinfo-Asg-02";
				PRODUCT_NAME = "$(TARGET_NAME)";
				SWIFT_VERSION = 5.0;
				TARGETED_DEVICE_FAMILY = "1,2";
			};
			name = Debug;
		};
		B4D3203D25FAA2CF004017A4 /* Release */ = {
			isa = XCBuildConfiguration;
			buildSettings = {
				ASSETCATALOG_COMPILER_APPICON_NAME = AppIcon;
				ASSETCATALOG_COMPILER_GLOBAL_ACCENT_COLOR_NAME = AccentColor;
				CODE_SIGN_STYLE = Automatic;
				INFOPLIST_FILE = "Sysinfo Asg 02/Info.plist";
				LD_RUNPATH_SEARCH_PATHS = (
					"$(inherited)",
					"@executable_path/Frameworks",
				);
				PRODUCT_BUNDLE_IDENTIFIER = "edu.athens.Sysinfo-Asg-02";
				PRODUCT_NAME = "$(TARGET_NAME)";
				SWIFT_VERSION = 5.0;
				TARGETED_DEVICE_FAMILY = "1,2";
			};
			name = Release;
		};
		B4D3203F25FAA2CF004017A4 /* Debug */ = {
			isa = XCBuildConfiguration;
			buildSettings = {
				ALWAYS_EMBED_SWIFT_STANDARD_LIBRARIES = YES;
				BUNDLE_LOADER = "$(TEST_HOST)";
				CODE_SIGN_STYLE = Automatic;
				INFOPLIST_FILE = "Sysinfo Asg 02Tests/Info.plist";
				IPHONEOS_DEPLOYMENT_TARGET = 14.4;
				LD_RUNPATH_SEARCH_PATHS = (
					"$(inherited)",
					"@executable_path/Frameworks",
					"@loader_path/Frameworks",
				);
				PRODUCT_BUNDLE_IDENTIFIER = "edu.athens.Sysinfo-Asg-02Tests";
				PRODUCT_NAME = "$(TARGET_NAME)";
				SWIFT_VERSION = 5.0;
				TARGETED_DEVICE_FAMILY = "1,2";
				TEST_HOST = "$(BUILT_PRODUCTS_DIR)/Sysinfo Asg 02.app/Sysinfo Asg 02";
			};
			name = Debug;
		};
		B4D3204025FAA2CF004017A4 /* Release */ = {
			isa = XCBuildConfiguration;
			buildSettings = {
				ALWAYS_EMBED_SWIFT_STANDARD_LIBRARIES = YES;
				BUNDLE_LOADER = "$(TEST_HOST)";
				CODE_SIGN_STYLE = Automatic;
				INFOPLIST_FILE = "Sysinfo Asg 02Tests/Info.plist";
				IPHONEOS_DEPLOYMENT_TARGET = 14.4;
				LD_RUNPATH_SEARCH_PATHS = (
					"$(inherited)",
					"@executable_path/Frameworks",
					"@loader_path/Frameworks",
				);
				PRODUCT_BUNDLE_IDENTIFIER = "edu.athens.Sysinfo-Asg-02Tests";
				PRODUCT_NAME = "$(TARGET_NAME)";
				SWIFT_VERSION = 5.0;
				TARGETED_DEVICE_FAMILY = "1,2";
				TEST_HOST = "$(BUILT_PRODUCTS_DIR)/Sysinfo Asg 02.app/Sysinfo Asg 02";
			};
			name = Release;
		};
		B4D3204225FAA2CF004017A4 /* Debug */ = {
			isa = XCBuildConfiguration;
			buildSettings = {
				ALWAYS_EMBED_SWIFT_STANDARD_LIBRARIES = YES;
				CODE_SIGN_STYLE = Automatic;
				INFOPLIST_FILE = "Sysinfo Asg 02UITests/Info.plist";
				LD_RUNPATH_SEARCH_PATHS = (
					"$(inherited)",
					"@executable_path/Frameworks",
					"@loader_path/Frameworks",
				);
				PRODUCT_BUNDLE_IDENTIFIER = "edu.athens.Sysinfo-Asg-02UITests";
				PRODUCT_NAME = "$(TARGET_NAME)";
				SWIFT_VERSION = 5.0;
				TARGETED_DEVICE_FAMILY = "1,2";
				TEST_TARGET_NAME = "Sysinfo Asg 02";
			};
			name = Debug;
		};
		B4D3204325FAA2CF004017A4 /* Release */ = {
			isa = XCBuildConfiguration;
			buildSettings = {
				ALWAYS_EMBED_SWIFT_STANDARD_LIBRARIES = YES;
				CODE_SIGN_STYLE = Automatic;
				INFOPLIST_FILE = "Sysinfo Asg 02UITests/Info.plist";
				LD_RUNPATH_SEARCH_PATHS = (
					"$(inherited)",
					"@executable_path/Frameworks",
					"@loader_path/Frameworks",
				);
				PRODUCT_BUNDLE_IDENTIFIER = "edu.athens.Sysinfo-Asg-02UITests";
				PRODUCT_NAME = "$(TARGET_NAME)";
				SWIFT_VERSION = 5.0;
				TARGETED_DEVICE_FAMILY = "1,2";
				TEST_TARGET_NAME = "Sysinfo Asg 02";
			};
			name = Release;
		};
/* End XCBuildConfiguration section */

/* Begin XCConfigurationList section */
		B4D3200C25FAA2CE004017A4 /* Build configuration list for PBXProject "Sysinfo Asg 02" */ = {
			isa = XCConfigurationList;
			buildConfigurations = (
				B4D3203925FAA2CF004017A4 /* Debug */,
				B4D3203A25FAA2CF004017A4 /* Release */,
			);
			defaultConfigurationIsVisible = 0;
			defaultConfigurationName = Release;
		};
		B4D3203B25FAA2CF004017A4 /* Build configuration list for PBXNativeTarget "Sysinfo Asg 02" */ = {
			isa = XCConfigurationList;
			buildConfigurations = (
				B4D3203C25FAA2CF004017A4 /* Debug */,
				B4D3203D25FAA2CF004017A4 /* Release */,
			);
			defaultConfigurationIsVisible = 0;
			defaultConfigurationName = Release;
		};
		B4D3203E25FAA2CF004017A4 /* Build configuration list for PBXNativeTarget "Sysinfo Asg 02Tests" */ = {
			isa = XCConfigurationList;
			buildConfigurations = (
				B4D3203F25FAA2CF004017A4 /* Debug */,
				B4D3204025FAA2CF004017A4 /* Release */,
			);
			defaultConfigurationIsVisible = 0;
			defaultConfigurationName = Release;
		};
		B4D3204125FAA2CF004017A4 /* Build configuration list for PBXNativeTarget "Sysinfo Asg 02UITests" */ = {
			isa = XCConfigurationList;
			buildConfigurations = (
				B4D3204225FAA2CF004017A4 /* Debug */,
				B4D3204325FAA2CF004017A4 /* Release */,
			);
			defaultConfigurationIsVisible = 0;
			defaultConfigurationName = Release;
		};
/* End XCConfigurationList section */
	};
	rootObject = B4D3200925FAA2CE004017A4 /* Project object */;
}
